<Solution>
  <Folder Name="/Classworks/" />
  <Folder Name="/Classworks/03.10.2026/">
    <Project Path="Classwork_03_10_2026/Classwork_03_10_2026.csproj" Id="45634e12-0cbc-4f41-88b8-96638f4cd256" />
  </Folder>
  <Folder Name="/Classworks/19_09_2026/">
    <Project Path="Classwork_19_09_2026/Classwork_19_09_2026.csproj" />
  </Folder>
  <Folder Name="/Classworks/20_09_2026/">
    <Project Path="Classwork_20_09_2026/Classwork_20_09_2026.csproj" Id="11ad6386-7e22-4bef-80d6-976960aa3c04" />
  </Folder>
  <Folder Name="/Classworks/26_09_2026/">
    <Project Path="Classwork_26_09_2026/Classwork_26_09_2026.csproj" Id="fa26bd16-86bb-40cf-89c5-5bbcb5db8645" />
  </Folder>
  <Folder Name="/Classworks/27_09_2026/">
    <Project Path="Classwork_27_09_2026/Classwork_27_09_2026.csproj" Id="3b72a038-f050-4620-8416-379f3ef2176b" />
  </Folder>
</Solution>
